
Microsoft Visual Studio Solution File, Format Version 12.00
# Visual Studio Version 16
VisualStudioVersion = 16.0.29920.165
MinimumVisualStudioVersion = 10.0.40219.1
Project("{FAE04EC0-301F-11D3-BF4B-00C04F79EFBC}") = "ASC.ActiveDirectory", "common\ASC.ActiveDirectory\ASC.ActiveDirectory.csproj", "{E588E818-F163-470C-802C-3A6E45B36080}"
EndProject
Project("{FAE04EC0-301F-11D3-BF4B-00C04F79EFBC}") = "ASC.Common", "common\ASC.Common\ASC.Common.csproj", "{76DE7717-3D4B-4A5B-B740-15B8913DF0CB}"
EndProject
Project("{FAE04EC0-301F-11D3-BF4B-00C04F79EFBC}") = "ASC.Core.Common", "common\ASC.Core.Common\ASC.Core.Common.csproj", "{A51D0454-4AFA-46DE-89D4-B03D37E1816C}"
EndProject
Project("{FAE04EC0-301F-11D3-BF4B-00C04F79EFBC}") = "ASC.Data.Backup", "common\ASC.Data.Backup\ASC.Data.Backup.csproj", "{FE7E290C-9F36-41EF-A58D-5504C24CCD16}"
EndProject
Project("{FAE04EC0-301F-11D3-BF4B-00C04F79EFBC}") = "ASC.ElasticSearch", "module\ASC.ElasticSearch\ASC.ElasticSearch.csproj", "{AE1A0E06-6CD4-4E1D-8209-22BBBD6D5652}"
EndProject
Project("{FAE04EC0-301F-11D3-BF4B-00C04F79EFBC}") = "ASC.IPSecurity", "common\ASC.IPSecurity\ASC.IPSecurity.csproj", "{2FF2177F-2D1A-4396-84EB-51F14FD99385}"
EndProject
Project("{FAE04EC0-301F-11D3-BF4B-00C04F79EFBC}") = "ASC.Data.Storage", "common\ASC.Data.Storage\ASC.Data.Storage.csproj", "{3F6B420F-ABD3-4B5A-9F4C-5D61FFBB01DE}"
EndProject
Project("{FAE04EC0-301F-11D3-BF4B-00C04F79EFBC}") = "ASC.Data.Storage.Migration", "common\ASC.Data.Storage.Migration\ASC.Data.Storage.Migration.csproj", "{43B9FADB-AB2B-4810-9353-E23C6E45C6A3}"
EndProject
Project("{FAE04EC0-301F-11D3-BF4B-00C04F79EFBC}") = "ASC.Notify.Textile", "common\ASC.Notify.Textile\ASC.Notify.Textile.csproj", "{659C514B-DD2C-41E3-A40E-4701216B1EA2}"
EndProject
Project("{FAE04EC0-301F-11D3-BF4B-00C04F79EFBC}") = "ASC.TeamLabSvc", "module\ASC.TeamLabSvc\ASC.TeamLabSvc\ASC.TeamLabSvc.csproj", "{211CB6E3-C353-4229-88B4-051FC2900A61}"
EndProject
Project("{FAE04EC0-301F-11D3-BF4B-00C04F79EFBC}") = "ASC.Feed", "module\ASC.Feed\ASC.Feed.csproj", "{B0431EC9-21D8-4D96-B333-6DD430031C82}"
EndProject
Project("{FAE04EC0-301F-11D3-BF4B-00C04F79EFBC}") = "ASC.Api.Client", "module\ASC.Api\ASC.Api.Client\ASC.Api.Client.csproj", "{012B11CA-B298-404A-8923-978903CDFC25}"
EndProject
Project("{FAE04EC0-301F-11D3-BF4B-00C04F79EFBC}") = "ASC.Thrdparty", "module\ASC.Thrdparty\ASC.Thrdparty\ASC.Thrdparty.csproj", "{592EAC85-6CFC-4AD7-B653-3EADAA18327E}"
EndProject
Project("{FAE04EC0-301F-11D3-BF4B-00C04F79EFBC}") = "ASC.FederatedLogin", "module\ASC.Thrdparty\ASC.FederatedLogin\ASC.FederatedLogin.csproj", "{481B0D9C-B2F8-4DE9-8597-BA8D24585099}"
EndProject
Project("{FAE04EC0-301F-11D3-BF4B-00C04F79EFBC}") = "ASC.Api.Core", "module\ASC.Api\ASC.Api\ASC.Api.Core.csproj", "{49F07FFF-98A5-47D2-A9E9-A46B98C41245}"
EndProject
Project("{FAE04EC0-301F-11D3-BF4B-00C04F79EFBC}") = "ASC.VoipService", "module\ASC.VoipService\ASC.VoipService.csproj", "{988536C1-4B89-4649-8F77-5C16F55D95D1}"
EndProject
Project("{FAE04EC0-301F-11D3-BF4B-00C04F79EFBC}") = "ASC.MessagingSystem", "module\ASC.MessagingSystem\ASC.MessagingSystem.csproj", "{BD8A18A5-60C5-4411-9719-0AA11B4BE0E9}"
EndProject
Project("{FAE04EC0-301F-11D3-BF4B-00C04F79EFBC}") = "ASC.Web.Studio", "web\studio\ASC.Web.Studio\ASC.Web.Studio.csproj", "{E7BE6CE8-F6B0-4B9B-831B-BA0C85C8D130}"
EndProject
Project("{FAE04EC0-301F-11D3-BF4B-00C04F79EFBC}") = "ASC.Resource.Data", "common\TMResourceManager\ASC.Resource.Data\ASC.Resource.Data.csproj", "{826533D1-AE21-4D14-87BA-67EB9D81D03E}"
EndProject
Project("{FAE04EC0-301F-11D3-BF4B-00C04F79EFBC}") = "ASC.Web.Core", "web\core\ASC.Web.Core\ASC.Web.Core.csproj", "{02C40A64-FE22-41D0-9037-69F0D6F787A9}"
EndProject
Project("{FAE04EC0-301F-11D3-BF4B-00C04F79EFBC}") = "ASC.Specific", "module\ASC.Api\ASC.Specific\ASC.Specific.csproj", "{42D9EE99-8FCC-4BDC-B1E2-692FEC48AD20}"
EndProject
Project("{FAE04EC0-301F-11D3-BF4B-00C04F79EFBC}") = "ASC.Notify", "module\ASC.Notify\ASC.Notify\ASC.Notify.csproj", "{8484A675-1C93-4D87-8FF2-7530A5711208}"
EndProject
Project("{FAE04EC0-301F-11D3-BF4B-00C04F79EFBC}") = "ASC.Web.Community", "web\studio\ASC.Web.Studio\Products\Community\ASC.Web.Community.csproj", "{11BA9805-752F-4F6F-A876-6BA56F0EB9DE}"
EndProject
Project("{FAE04EC0-301F-11D3-BF4B-00C04F79EFBC}") = "ASC.Web.Files", "web\studio\ASC.Web.Studio\Products\Files\ASC.Web.Files.csproj", "{8C534AF7-5696-4E68-9FF4-FFC311893C10}"
EndProject
Project("{FAE04EC0-301F-11D3-BF4B-00C04F79EFBC}") = "ASC.Files.Thirdparty", "module\ASC.Files.Thirdparty\ASC.Files.Thirdparty.csproj", "{D51D3E43-6047-45DD-A0FA-321CE7C3885B}"
EndProject
Project("{FAE04EC0-301F-11D3-BF4B-00C04F79EFBC}") = "ASC.AuditTrail", "module\ASC.AuditTrail\ASC.AuditTrail.csproj", "{2C111161-B7C5-4869-9F52-EA725E64BA40}"
EndProject
Project("{FAE04EC0-301F-11D3-BF4B-00C04F79EFBC}") = "ASC.Web.CRM", "web\studio\ASC.Web.Studio\Products\CRM\ASC.Web.CRM.csproj", "{48EFB880-3D76-4B21-B31E-1007C0062B5C}"
EndProject
Project("{FAE04EC0-301F-11D3-BF4B-00C04F79EFBC}") = "ASC.Web.Projects", "web\studio\ASC.Web.Studio\Products\Projects\ASC.Web.Projects.csproj", "{11ACB4CA-A305-4CAA-8546-392C6DAFC7C4}"
EndProject
Project("{FAE04EC0-301F-11D3-BF4B-00C04F79EFBC}") = "ASC.Mail.Server", "module\ASC.Mail.Server\ASC.Mail.Server\ASC.Mail.Server.csproj", "{DED03705-E8C4-46D2-B634-55062850BE83}"
EndProject
Project("{FAE04EC0-301F-11D3-BF4B-00C04F79EFBC}") = "ASC.Mail", "module\ASC.Mail\ASC.Mail\ASC.Mail.csproj", "{7080343D-FBE7-423A-9405-4F883F6E235B}"
EndProject
Project("{FAE04EC0-301F-11D3-BF4B-00C04F79EFBC}") = "ASC.Web.People", "web\studio\ASC.Web.Studio\Products\People\ASC.Web.People.csproj", "{7EA1E14F-FC71-48A7-9786-1FB0CD9EC1CD}"
EndProject
Project("{FAE04EC0-301F-11D3-BF4B-00C04F79EFBC}") = "ASC.Web.Sample", "web\studio\ASC.Web.Studio\Products\Sample\ASC.Web.Sample.csproj", "{1AE21BB5-267C-443E-852E-1753AC1BD04D}"
EndProject
Project("{FAE04EC0-301F-11D3-BF4B-00C04F79EFBC}") = "ASC.Mail.Aggregator.CollectionService", "module\ASC.Mail\Services\ASC.Mail.Aggregator.CollectionService\ASC.Mail.Aggregator.CollectionService.csproj", "{2EBFAA3E-AF1D-4A30-B16A-4E8AE053E063}"
EndProject
Project("{FAE04EC0-301F-11D3-BF4B-00C04F79EFBC}") = "ASC.Mail.Watchdog.Service", "module\ASC.Mail\Services\ASC.Mail.Watchdog.Service\ASC.Mail.Watchdog.Service.csproj", "{F72B7F19-9A9B-41F1-AEA9-ADE70D3D8D19}"
EndProject
Project("{FAE04EC0-301F-11D3-BF4B-00C04F79EFBC}") = "ASC.Mail.EmlDownloader", "module\ASC.Mail\Services\ASC.Mail.EmlDownloader\ASC.Mail.EmlDownloader.csproj", "{0C0B3474-9991-4ADC-BF4B-7A4F35EB5A7C}"
EndProject
Project("{FAE04EC0-301F-11D3-BF4B-00C04F79EFBC}") = "ASC.Mail.StorageCleaner.Service", "module\ASC.Mail\Services\ASC.Mail.StorageCleaner\ASC.Mail.StorageCleaner.Service.csproj", "{2559E5C4-4803-4A11-B9EC-33ECAD06C935}"
EndProject
Project("{FAE04EC0-301F-11D3-BF4B-00C04F79EFBC}") = "ASC.Web.Mail", "web\studio\ASC.Web.Studio\addons\mail\ASC.Web.Mail.csproj", "{1EF9C7D8-F92E-48B3-9A86-78E431ABC306}"
EndProject
Project("{FAE04EC0-301F-11D3-BF4B-00C04F79EFBC}") = "ASC.Data.Reassigns", "module\ASC.Data.Reassigns\ASC.Data.Reassigns.csproj", "{104D045A-F9CC-4DD7-B04D-8DA7543435DD}"
EndProject
Project("{FAE04EC0-301F-11D3-BF4B-00C04F79EFBC}") = "ASC.Api.Employee", "module\ASC.Api\ASC.Employee\ASC.Api.Employee.csproj", "{32ADBD01-6262-48D7-A69B-0515B03DB90E}"
EndProject
Project("{FAE04EC0-301F-11D3-BF4B-00C04F79EFBC}") = "ASC.Api.Community", "module\ASC.Api\ASC.Api.Community\ASC.Api.Community.csproj", "{F112A4A5-556F-4680-A7D5-8726803FD507}"
EndProject
Project("{FAE04EC0-301F-11D3-BF4B-00C04F79EFBC}") = "ASC.Api.Documents", "module\ASC.Api\ASC.Api.Documents\ASC.Api.Documents.csproj", "{991F00F2-71CB-4694-BB6A-4696071BD94D}"
EndProject
Project("{FAE04EC0-301F-11D3-BF4B-00C04F79EFBC}") = "ASC.Api.Projects", "module\ASC.Api\ASC.Api.Projects\ASC.Api.Projects.csproj", "{2D26FA73-F6A7-4154-B620-3E9D0433E3A6}"
EndProject
Project("{FAE04EC0-301F-11D3-BF4B-00C04F79EFBC}") = "ASC.Api.Settings", "module\ASC.Api\ASC.Api.Settings\ASC.Api.Settings.csproj", "{64368BDC-06CB-43D3-8537-3BA8705BCD25}"
EndProject
Project("{FAE04EC0-301F-11D3-BF4B-00C04F79EFBC}") = "ASC.Api.Calendar", "module\ASC.Api\ASC.Api.Calendar\ASC.Api.Calendar.csproj", "{5F7DC7BD-D831-449A-908D-5A419E4DFE71}"
EndProject
Project("{FAE04EC0-301F-11D3-BF4B-00C04F79EFBC}") = "ASC.Api.CRM", "module\ASC.Api\ASC.Api.CRM\ASC.Api.CRM.csproj", "{CAC3DDF1-BFBE-4309-80BA-726E504381C2}"
EndProject
Project("{FAE04EC0-301F-11D3-BF4B-00C04F79EFBC}") = "ASC.Feed.Aggregator", "module\ASC.Feed.Aggregator\ASC.Feed.Aggregator.csproj", "{D88D20AA-55B4-480B-A320-29A69FB6B150}"
EndProject
Project("{FAE04EC0-301F-11D3-BF4B-00C04F79EFBC}") = "ASC.Api.Feed", "module\ASC.Api\ASC.Api.Feed\ASC.Api.Feed.csproj", "{3D4B5ED7-49B9-45F5-9DAF-19D30520C877}"
EndProject
Project("{FAE04EC0-301F-11D3-BF4B-00C04F79EFBC}") = "ASC.Api.Security", "module\ASC.Api\ASC.Api.Security\ASC.Api.Security.csproj", "{98286B12-AC86-4A1C-A539-AAF1A7A5C24D}"
EndProject
Project("{FAE04EC0-301F-11D3-BF4B-00C04F79EFBC}") = "ASC.Api.Mail", "module\ASC.Api\ASC.Api.Mail\ASC.Api.Mail.csproj", "{5EEC68A0-657C-45F3-8079-EBDB5CB9597A}"
EndProject
Project("{FAE04EC0-301F-11D3-BF4B-00C04F79EFBC}") = "ASC.Api.MailServer", "module\ASC.Api\ASC.Api.MailServer\ASC.Api.MailServer.csproj", "{9F815B60-7918-440E-83A2-22CB200AD6F5}"
EndProject
Project("{FAE04EC0-301F-11D3-BF4B-00C04F79EFBC}") = "ASC.Api.Portal", "module\ASC.Api\ASC.Api.Portal\ASC.Api.Portal.csproj", "{F44E3466-0489-4EB2-9E28-B526D61A9F5D}"
EndProject
Project("{FAE04EC0-301F-11D3-BF4B-00C04F79EFBC}") = "ASC.Api.Sample", "module\ASC.Api\ASC.Api.Sample\ASC.Api.Sample.csproj", "{323DCA76-71A6-4543-A037-94F3FE6C7B3D}"
EndProject
Project("{FAE04EC0-301F-11D3-BF4B-00C04F79EFBC}") = "ASC.Web.Talk", "web\studio\ASC.Web.Studio\addons\talk\ASC.Web.Talk.csproj", "{07AD1522-D100-4CE6-94FA-95CBE5822363}"
EndProject
Project("{FAE04EC0-301F-11D3-BF4B-00C04F79EFBC}") = "ASC.Web.Calendar", "web\studio\ASC.Web.Studio\addons\calendar\ASC.Web.Calendar.csproj", "{7BCED72B-1DDE-4732-8EB3-2CF7002D7305}"
EndProject
Project("{FAE04EC0-301F-11D3-BF4B-00C04F79EFBC}") = "ASC.Web.Upload", "web\studio\ASC.Web.Upload\ASC.Web.Upload.csproj", "{69393DCE-0B48-40F6-908F-B30BDBDD9A79}"
EndProject
Project("{FAE04EC0-301F-11D3-BF4B-00C04F79EFBC}") = "ASC.Socket.IO.Svc", "module\ASC.Socket.IO.Svc\ASC.Socket.IO.Svc.csproj", "{2DADEAD3-0FE9-4199-9817-41A32E6BF450}"
EndProject
Project("{FAE04EC0-301F-11D3-BF4B-00C04F79EFBC}") = "ASC.Thumbnails.Svc", "module\ASC.Thumbnails.Svc\ASC.Thumbnails.Svc.csproj", "{8D1B4425-4CC1-46BE-90FA-8F1C49A24D24}"
EndProject
Project("{FAE04EC0-301F-11D3-BF4B-00C04F79EFBC}") = "ASC.UrlShortener.Svc", "module\ASC.UrlShortener.Svc\ASC.UrlShortener.Svc.csproj", "{A3BC6CB9-842F-4D00-97F3-F5B458B18726}"
EndProject
Project("{FAE04EC0-301F-11D3-BF4B-00C04F79EFBC}") = "ASC.Radicale", "module\ASC.Radicale\ASC.Radicale.csproj", "{2570461D-81AB-4D75-9C7B-E8B0A8826386}"
EndProject
Project("{FAE04EC0-301F-11D3-BF4B-00C04F79EFBC}") = "ASC.TelegramService", "module\ASC.TelegramService\ASC.TelegramService.csproj", "{F2213ED8-54DC-4360-BD7C-633B9DA1A124}"
EndProject
Project("{FAE04EC0-301F-11D3-BF4B-00C04F79EFBC}") = "ASC.Data.Storage.Encryption", "common\ASC.Data.Storage.Encryption\ASC.Data.Storage.Encryption.csproj", "{D7EAC337-B897-44EA-870A-E8B33E780351}"
EndProject
Project("{FAE04EC0-301F-11D3-BF4B-00C04F79EFBC}") = "ASC.Data.Encryption", "common\ASC.Data.Encryption\ASC.Data.Encryption.csproj", "{448851D4-E525-4ACC-9AE4-7AEC289445BC}"
EndProject
Project("{FAE04EC0-301F-11D3-BF4B-00C04F79EFBC}") = "ASC.Files.ThumbnailBuilder", "module\ASC.Files.ThumbnailBuilder\ASC.Files.ThumbnailBuilder.csproj", "{B1834872-9BA4-4DF5-9670-45E54D1B80EA}"
EndProject
Project("{FAE04EC0-301F-11D3-BF4B-00C04F79EFBC}") = "ASC.SsoAuth.Svc", "module\ASC.SsoAuth.Svc\ASC.SsoAuth.Svc.csproj", "{531C54F5-D6F3-4047-8C35-685C6CD94EC7}"
EndProject
Project("{2150E333-8FDC-42A3-9474-1A3956D46DE8}") = "Solution Items", "Solution Items", "{9AF8FFC6-4D0C-4A97-A2E0-A2B8B1AB3225}"
	ProjectSection(SolutionItems) = preProject
		.editorconfig = .editorconfig
	EndProjectSection
EndProject
Global
	GlobalSection(SolutionConfigurationPlatforms) = preSolution
		Debug|Any CPU = Debug|Any CPU
		MvcOnly|Any CPU = MvcOnly|Any CPU
		Release|Any CPU = Release|Any CPU
	EndGlobalSection
	GlobalSection(ProjectConfigurationPlatforms) = postSolution
		{E588E818-F163-470C-802C-3A6E45B36080}.Debug|Any CPU.ActiveCfg = Debug|Any CPU
		{E588E818-F163-470C-802C-3A6E45B36080}.Debug|Any CPU.Build.0 = Debug|Any CPU
		{E588E818-F163-470C-802C-3A6E45B36080}.MvcOnly|Any CPU.ActiveCfg = Release|Any CPU
		{E588E818-F163-470C-802C-3A6E45B36080}.MvcOnly|Any CPU.Build.0 = Release|Any CPU
		{E588E818-F163-470C-802C-3A6E45B36080}.Release|Any CPU.ActiveCfg = Release|Any CPU
		{E588E818-F163-470C-802C-3A6E45B36080}.Release|Any CPU.Build.0 = Release|Any CPU
		{76DE7717-3D4B-4A5B-B740-15B8913DF0CB}.Debug|Any CPU.ActiveCfg = Debug|Any CPU
		{76DE7717-3D4B-4A5B-B740-15B8913DF0CB}.Debug|Any CPU.Build.0 = Debug|Any CPU
		{76DE7717-3D4B-4A5B-B740-15B8913DF0CB}.MvcOnly|Any CPU.ActiveCfg = Release|Any CPU
		{76DE7717-3D4B-4A5B-B740-15B8913DF0CB}.MvcOnly|Any CPU.Build.0 = Release|Any CPU
		{76DE7717-3D4B-4A5B-B740-15B8913DF0CB}.Release|Any CPU.ActiveCfg = Release|Any CPU
		{76DE7717-3D4B-4A5B-B740-15B8913DF0CB}.Release|Any CPU.Build.0 = Release|Any CPU
		{A51D0454-4AFA-46DE-89D4-B03D37E1816C}.Debug|Any CPU.ActiveCfg = Debug|Any CPU
		{A51D0454-4AFA-46DE-89D4-B03D37E1816C}.Debug|Any CPU.Build.0 = Debug|Any CPU
		{A51D0454-4AFA-46DE-89D4-B03D37E1816C}.MvcOnly|Any CPU.ActiveCfg = Release|Any CPU
		{A51D0454-4AFA-46DE-89D4-B03D37E1816C}.MvcOnly|Any CPU.Build.0 = Release|Any CPU
		{A51D0454-4AFA-46DE-89D4-B03D37E1816C}.Release|Any CPU.ActiveCfg = Release|Any CPU
		{A51D0454-4AFA-46DE-89D4-B03D37E1816C}.Release|Any CPU.Build.0 = Release|Any CPU
		{FE7E290C-9F36-41EF-A58D-5504C24CCD16}.Debug|Any CPU.ActiveCfg = Debug|Any CPU
		{FE7E290C-9F36-41EF-A58D-5504C24CCD16}.Debug|Any CPU.Build.0 = Debug|Any CPU
		{FE7E290C-9F36-41EF-A58D-5504C24CCD16}.MvcOnly|Any CPU.ActiveCfg = Release|Any CPU
		{FE7E290C-9F36-41EF-A58D-5504C24CCD16}.MvcOnly|Any CPU.Build.0 = Release|Any CPU
		{FE7E290C-9F36-41EF-A58D-5504C24CCD16}.Release|Any CPU.ActiveCfg = Release|Any CPU
		{FE7E290C-9F36-41EF-A58D-5504C24CCD16}.Release|Any CPU.Build.0 = Release|Any CPU
		{AE1A0E06-6CD4-4E1D-8209-22BBBD6D5652}.Debug|Any CPU.ActiveCfg = Debug|Any CPU
		{AE1A0E06-6CD4-4E1D-8209-22BBBD6D5652}.Debug|Any CPU.Build.0 = Debug|Any CPU
		{AE1A0E06-6CD4-4E1D-8209-22BBBD6D5652}.MvcOnly|Any CPU.ActiveCfg = Release|Any CPU
		{AE1A0E06-6CD4-4E1D-8209-22BBBD6D5652}.MvcOnly|Any CPU.Build.0 = Release|Any CPU
		{AE1A0E06-6CD4-4E1D-8209-22BBBD6D5652}.Release|Any CPU.ActiveCfg = Release|Any CPU
		{AE1A0E06-6CD4-4E1D-8209-22BBBD6D5652}.Release|Any CPU.Build.0 = Release|Any CPU
		{2FF2177F-2D1A-4396-84EB-51F14FD99385}.Debug|Any CPU.ActiveCfg = Debug|Any CPU
		{2FF2177F-2D1A-4396-84EB-51F14FD99385}.Debug|Any CPU.Build.0 = Debug|Any CPU
		{2FF2177F-2D1A-4396-84EB-51F14FD99385}.MvcOnly|Any CPU.ActiveCfg = Release|Any CPU
		{2FF2177F-2D1A-4396-84EB-51F14FD99385}.MvcOnly|Any CPU.Build.0 = Release|Any CPU
		{2FF2177F-2D1A-4396-84EB-51F14FD99385}.Release|Any CPU.ActiveCfg = Release|Any CPU
		{2FF2177F-2D1A-4396-84EB-51F14FD99385}.Release|Any CPU.Build.0 = Release|Any CPU
		{3F6B420F-ABD3-4B5A-9F4C-5D61FFBB01DE}.Debug|Any CPU.ActiveCfg = Debug|Any CPU
		{3F6B420F-ABD3-4B5A-9F4C-5D61FFBB01DE}.Debug|Any CPU.Build.0 = Debug|Any CPU
		{3F6B420F-ABD3-4B5A-9F4C-5D61FFBB01DE}.MvcOnly|Any CPU.ActiveCfg = Release|Any CPU
		{3F6B420F-ABD3-4B5A-9F4C-5D61FFBB01DE}.MvcOnly|Any CPU.Build.0 = Release|Any CPU
		{3F6B420F-ABD3-4B5A-9F4C-5D61FFBB01DE}.Release|Any CPU.ActiveCfg = Release|Any CPU
		{3F6B420F-ABD3-4B5A-9F4C-5D61FFBB01DE}.Release|Any CPU.Build.0 = Release|Any CPU
		{43B9FADB-AB2B-4810-9353-E23C6E45C6A3}.Debug|Any CPU.ActiveCfg = Debug|Any CPU
		{43B9FADB-AB2B-4810-9353-E23C6E45C6A3}.Debug|Any CPU.Build.0 = Debug|Any CPU
		{43B9FADB-AB2B-4810-9353-E23C6E45C6A3}.MvcOnly|Any CPU.ActiveCfg = Release|Any CPU
		{43B9FADB-AB2B-4810-9353-E23C6E45C6A3}.MvcOnly|Any CPU.Build.0 = Release|Any CPU
		{43B9FADB-AB2B-4810-9353-E23C6E45C6A3}.Release|Any CPU.ActiveCfg = Release|Any CPU
		{43B9FADB-AB2B-4810-9353-E23C6E45C6A3}.Release|Any CPU.Build.0 = Release|Any CPU
		{659C514B-DD2C-41E3-A40E-4701216B1EA2}.Debug|Any CPU.ActiveCfg = Debug|Any CPU
		{659C514B-DD2C-41E3-A40E-4701216B1EA2}.Debug|Any CPU.Build.0 = Debug|Any CPU
		{659C514B-DD2C-41E3-A40E-4701216B1EA2}.MvcOnly|Any CPU.ActiveCfg = Release|Any CPU
		{659C514B-DD2C-41E3-A40E-4701216B1EA2}.MvcOnly|Any CPU.Build.0 = Release|Any CPU
		{659C514B-DD2C-41E3-A40E-4701216B1EA2}.Release|Any CPU.ActiveCfg = Release|Any CPU
		{659C514B-DD2C-41E3-A40E-4701216B1EA2}.Release|Any CPU.Build.0 = Release|Any CPU
		{211CB6E3-C353-4229-88B4-051FC2900A61}.Debug|Any CPU.ActiveCfg = Debug|Any CPU
		{211CB6E3-C353-4229-88B4-051FC2900A61}.Debug|Any CPU.Build.0 = Debug|Any CPU
		{211CB6E3-C353-4229-88B4-051FC2900A61}.MvcOnly|Any CPU.ActiveCfg = Release|Any CPU
		{211CB6E3-C353-4229-88B4-051FC2900A61}.MvcOnly|Any CPU.Build.0 = Release|Any CPU
		{211CB6E3-C353-4229-88B4-051FC2900A61}.Release|Any CPU.ActiveCfg = Release|Any CPU
		{211CB6E3-C353-4229-88B4-051FC2900A61}.Release|Any CPU.Build.0 = Release|Any CPU
		{B0431EC9-21D8-4D96-B333-6DD430031C82}.Debug|Any CPU.ActiveCfg = Debug|Any CPU
		{B0431EC9-21D8-4D96-B333-6DD430031C82}.Debug|Any CPU.Build.0 = Debug|Any CPU
		{B0431EC9-21D8-4D96-B333-6DD430031C82}.MvcOnly|Any CPU.ActiveCfg = Release|Any CPU
		{B0431EC9-21D8-4D96-B333-6DD430031C82}.MvcOnly|Any CPU.Build.0 = Release|Any CPU
		{B0431EC9-21D8-4D96-B333-6DD430031C82}.Release|Any CPU.ActiveCfg = Release|Any CPU
		{B0431EC9-21D8-4D96-B333-6DD430031C82}.Release|Any CPU.Build.0 = Release|Any CPU
		{012B11CA-B298-404A-8923-978903CDFC25}.Debug|Any CPU.ActiveCfg = Debug|Any CPU
		{012B11CA-B298-404A-8923-978903CDFC25}.Debug|Any CPU.Build.0 = Debug|Any CPU
		{012B11CA-B298-404A-8923-978903CDFC25}.MvcOnly|Any CPU.ActiveCfg = Release|Any CPU
		{012B11CA-B298-404A-8923-978903CDFC25}.MvcOnly|Any CPU.Build.0 = Release|Any CPU
		{012B11CA-B298-404A-8923-978903CDFC25}.Release|Any CPU.ActiveCfg = Release|Any CPU
		{012B11CA-B298-404A-8923-978903CDFC25}.Release|Any CPU.Build.0 = Release|Any CPU
		{592EAC85-6CFC-4AD7-B653-3EADAA18327E}.Debug|Any CPU.ActiveCfg = Debug|Any CPU
		{592EAC85-6CFC-4AD7-B653-3EADAA18327E}.Debug|Any CPU.Build.0 = Debug|Any CPU
		{592EAC85-6CFC-4AD7-B653-3EADAA18327E}.MvcOnly|Any CPU.ActiveCfg = Release|Any CPU
		{592EAC85-6CFC-4AD7-B653-3EADAA18327E}.MvcOnly|Any CPU.Build.0 = Release|Any CPU
		{592EAC85-6CFC-4AD7-B653-3EADAA18327E}.Release|Any CPU.ActiveCfg = Release|Any CPU
		{592EAC85-6CFC-4AD7-B653-3EADAA18327E}.Release|Any CPU.Build.0 = Release|Any CPU
		{481B0D9C-B2F8-4DE9-8597-BA8D24585099}.Debug|Any CPU.ActiveCfg = Debug|Any CPU
		{481B0D9C-B2F8-4DE9-8597-BA8D24585099}.Debug|Any CPU.Build.0 = Debug|Any CPU
		{481B0D9C-B2F8-4DE9-8597-BA8D24585099}.MvcOnly|Any CPU.ActiveCfg = Release|Any CPU
		{481B0D9C-B2F8-4DE9-8597-BA8D24585099}.MvcOnly|Any CPU.Build.0 = Release|Any CPU
		{481B0D9C-B2F8-4DE9-8597-BA8D24585099}.Release|Any CPU.ActiveCfg = Release|Any CPU
		{481B0D9C-B2F8-4DE9-8597-BA8D24585099}.Release|Any CPU.Build.0 = Release|Any CPU
		{49F07FFF-98A5-47D2-A9E9-A46B98C41245}.Debug|Any CPU.ActiveCfg = Debug|Any CPU
		{49F07FFF-98A5-47D2-A9E9-A46B98C41245}.Debug|Any CPU.Build.0 = Debug|Any CPU
		{49F07FFF-98A5-47D2-A9E9-A46B98C41245}.MvcOnly|Any CPU.ActiveCfg = MvcOnly|Any CPU
		{49F07FFF-98A5-47D2-A9E9-A46B98C41245}.MvcOnly|Any CPU.Build.0 = MvcOnly|Any CPU
		{49F07FFF-98A5-47D2-A9E9-A46B98C41245}.Release|Any CPU.ActiveCfg = Release|Any CPU
		{49F07FFF-98A5-47D2-A9E9-A46B98C41245}.Release|Any CPU.Build.0 = Release|Any CPU
		{988536C1-4B89-4649-8F77-5C16F55D95D1}.Debug|Any CPU.ActiveCfg = Debug|Any CPU
		{988536C1-4B89-4649-8F77-5C16F55D95D1}.Debug|Any CPU.Build.0 = Debug|Any CPU
		{988536C1-4B89-4649-8F77-5C16F55D95D1}.MvcOnly|Any CPU.ActiveCfg = Release|Any CPU
		{988536C1-4B89-4649-8F77-5C16F55D95D1}.MvcOnly|Any CPU.Build.0 = Release|Any CPU
		{988536C1-4B89-4649-8F77-5C16F55D95D1}.Release|Any CPU.ActiveCfg = Release|Any CPU
		{988536C1-4B89-4649-8F77-5C16F55D95D1}.Release|Any CPU.Build.0 = Release|Any CPU
		{BD8A18A5-60C5-4411-9719-0AA11B4BE0E9}.Debug|Any CPU.ActiveCfg = Debug|Any CPU
		{BD8A18A5-60C5-4411-9719-0AA11B4BE0E9}.Debug|Any CPU.Build.0 = Debug|Any CPU
		{BD8A18A5-60C5-4411-9719-0AA11B4BE0E9}.MvcOnly|Any CPU.ActiveCfg = Release|Any CPU
		{BD8A18A5-60C5-4411-9719-0AA11B4BE0E9}.MvcOnly|Any CPU.Build.0 = Release|Any CPU
		{BD8A18A5-60C5-4411-9719-0AA11B4BE0E9}.Release|Any CPU.ActiveCfg = Release|Any CPU
		{BD8A18A5-60C5-4411-9719-0AA11B4BE0E9}.Release|Any CPU.Build.0 = Release|Any CPU
		{E7BE6CE8-F6B0-4B9B-831B-BA0C85C8D130}.Debug|Any CPU.ActiveCfg = Debug|Any CPU
		{E7BE6CE8-F6B0-4B9B-831B-BA0C85C8D130}.Debug|Any CPU.Build.0 = Debug|Any CPU
		{E7BE6CE8-F6B0-4B9B-831B-BA0C85C8D130}.MvcOnly|Any CPU.ActiveCfg = Release|Any CPU
		{E7BE6CE8-F6B0-4B9B-831B-BA0C85C8D130}.MvcOnly|Any CPU.Build.0 = Release|Any CPU
		{E7BE6CE8-F6B0-4B9B-831B-BA0C85C8D130}.Release|Any CPU.ActiveCfg = Release|Any CPU
		{E7BE6CE8-F6B0-4B9B-831B-BA0C85C8D130}.Release|Any CPU.Build.0 = Release|Any CPU
		{826533D1-AE21-4D14-87BA-67EB9D81D03E}.Debug|Any CPU.ActiveCfg = Debug|Any CPU
		{826533D1-AE21-4D14-87BA-67EB9D81D03E}.Debug|Any CPU.Build.0 = Debug|Any CPU
		{826533D1-AE21-4D14-87BA-67EB9D81D03E}.MvcOnly|Any CPU.ActiveCfg = Release|Any CPU
		{826533D1-AE21-4D14-87BA-67EB9D81D03E}.MvcOnly|Any CPU.Build.0 = Release|Any CPU
		{826533D1-AE21-4D14-87BA-67EB9D81D03E}.Release|Any CPU.ActiveCfg = Release|Any CPU
		{826533D1-AE21-4D14-87BA-67EB9D81D03E}.Release|Any CPU.Build.0 = Release|Any CPU
		{02C40A64-FE22-41D0-9037-69F0D6F787A9}.Debug|Any CPU.ActiveCfg = Debug|Any CPU
		{02C40A64-FE22-41D0-9037-69F0D6F787A9}.Debug|Any CPU.Build.0 = Debug|Any CPU
		{02C40A64-FE22-41D0-9037-69F0D6F787A9}.MvcOnly|Any CPU.ActiveCfg = Release|Any CPU
		{02C40A64-FE22-41D0-9037-69F0D6F787A9}.MvcOnly|Any CPU.Build.0 = Release|Any CPU
		{02C40A64-FE22-41D0-9037-69F0D6F787A9}.Release|Any CPU.ActiveCfg = Release|Any CPU
		{02C40A64-FE22-41D0-9037-69F0D6F787A9}.Release|Any CPU.Build.0 = Release|Any CPU
		{42D9EE99-8FCC-4BDC-B1E2-692FEC48AD20}.Debug|Any CPU.ActiveCfg = Debug|Any CPU
		{42D9EE99-8FCC-4BDC-B1E2-692FEC48AD20}.Debug|Any CPU.Build.0 = Debug|Any CPU
		{42D9EE99-8FCC-4BDC-B1E2-692FEC48AD20}.MvcOnly|Any CPU.ActiveCfg = Release|Any CPU
		{42D9EE99-8FCC-4BDC-B1E2-692FEC48AD20}.MvcOnly|Any CPU.Build.0 = Release|Any CPU
		{42D9EE99-8FCC-4BDC-B1E2-692FEC48AD20}.Release|Any CPU.ActiveCfg = Release|Any CPU
		{42D9EE99-8FCC-4BDC-B1E2-692FEC48AD20}.Release|Any CPU.Build.0 = Release|Any CPU
		{8484A675-1C93-4D87-8FF2-7530A5711208}.Debug|Any CPU.ActiveCfg = Debug|Any CPU
		{8484A675-1C93-4D87-8FF2-7530A5711208}.Debug|Any CPU.Build.0 = Debug|Any CPU
		{8484A675-1C93-4D87-8FF2-7530A5711208}.MvcOnly|Any CPU.ActiveCfg = Release|Any CPU
		{8484A675-1C93-4D87-8FF2-7530A5711208}.MvcOnly|Any CPU.Build.0 = Release|Any CPU
		{8484A675-1C93-4D87-8FF2-7530A5711208}.Release|Any CPU.ActiveCfg = Release|Any CPU
		{8484A675-1C93-4D87-8FF2-7530A5711208}.Release|Any CPU.Build.0 = Release|Any CPU
		{11BA9805-752F-4F6F-A876-6BA56F0EB9DE}.Debug|Any CPU.ActiveCfg = Debug|Any CPU
		{11BA9805-752F-4F6F-A876-6BA56F0EB9DE}.Debug|Any CPU.Build.0 = Debug|Any CPU
		{11BA9805-752F-4F6F-A876-6BA56F0EB9DE}.MvcOnly|Any CPU.ActiveCfg = Release|Any CPU
		{11BA9805-752F-4F6F-A876-6BA56F0EB9DE}.MvcOnly|Any CPU.Build.0 = Release|Any CPU
		{11BA9805-752F-4F6F-A876-6BA56F0EB9DE}.Release|Any CPU.ActiveCfg = Release|Any CPU
		{11BA9805-752F-4F6F-A876-6BA56F0EB9DE}.Release|Any CPU.Build.0 = Release|Any CPU
		{8C534AF7-5696-4E68-9FF4-FFC311893C10}.Debug|Any CPU.ActiveCfg = Debug|Any CPU
		{8C534AF7-5696-4E68-9FF4-FFC311893C10}.Debug|Any CPU.Build.0 = Debug|Any CPU
		{8C534AF7-5696-4E68-9FF4-FFC311893C10}.MvcOnly|Any CPU.ActiveCfg = Release|Any CPU
		{8C534AF7-5696-4E68-9FF4-FFC311893C10}.MvcOnly|Any CPU.Build.0 = Release|Any CPU
		{8C534AF7-5696-4E68-9FF4-FFC311893C10}.Release|Any CPU.ActiveCfg = Release|Any CPU
		{8C534AF7-5696-4E68-9FF4-FFC311893C10}.Release|Any CPU.Build.0 = Release|Any CPU
		{D51D3E43-6047-45DD-A0FA-321CE7C3885B}.Debug|Any CPU.ActiveCfg = Debug|Any CPU
		{D51D3E43-6047-45DD-A0FA-321CE7C3885B}.Debug|Any CPU.Build.0 = Debug|Any CPU
		{D51D3E43-6047-45DD-A0FA-321CE7C3885B}.MvcOnly|Any CPU.ActiveCfg = Release|Any CPU
		{D51D3E43-6047-45DD-A0FA-321CE7C3885B}.MvcOnly|Any CPU.Build.0 = Release|Any CPU
		{D51D3E43-6047-45DD-A0FA-321CE7C3885B}.Release|Any CPU.ActiveCfg = Release|Any CPU
		{D51D3E43-6047-45DD-A0FA-321CE7C3885B}.Release|Any CPU.Build.0 = Release|Any CPU
		{2C111161-B7C5-4869-9F52-EA725E64BA40}.Debug|Any CPU.ActiveCfg = Debug|Any CPU
		{2C111161-B7C5-4869-9F52-EA725E64BA40}.Debug|Any CPU.Build.0 = Debug|Any CPU
		{2C111161-B7C5-4869-9F52-EA725E64BA40}.MvcOnly|Any CPU.ActiveCfg = Release|Any CPU
		{2C111161-B7C5-4869-9F52-EA725E64BA40}.MvcOnly|Any CPU.Build.0 = Release|Any CPU
		{2C111161-B7C5-4869-9F52-EA725E64BA40}.Release|Any CPU.ActiveCfg = Release|Any CPU
		{2C111161-B7C5-4869-9F52-EA725E64BA40}.Release|Any CPU.Build.0 = Release|Any CPU
		{48EFB880-3D76-4B21-B31E-1007C0062B5C}.Debug|Any CPU.ActiveCfg = Debug|Any CPU
		{48EFB880-3D76-4B21-B31E-1007C0062B5C}.Debug|Any CPU.Build.0 = Debug|Any CPU
		{48EFB880-3D76-4B21-B31E-1007C0062B5C}.MvcOnly|Any CPU.ActiveCfg = Release|Any CPU
		{48EFB880-3D76-4B21-B31E-1007C0062B5C}.MvcOnly|Any CPU.Build.0 = Release|Any CPU
		{48EFB880-3D76-4B21-B31E-1007C0062B5C}.Release|Any CPU.ActiveCfg = Release|Any CPU
		{48EFB880-3D76-4B21-B31E-1007C0062B5C}.Release|Any CPU.Build.0 = Release|Any CPU
		{11ACB4CA-A305-4CAA-8546-392C6DAFC7C4}.Debug|Any CPU.ActiveCfg = Debug|Any CPU
		{11ACB4CA-A305-4CAA-8546-392C6DAFC7C4}.Debug|Any CPU.Build.0 = Debug|Any CPU
		{11ACB4CA-A305-4CAA-8546-392C6DAFC7C4}.MvcOnly|Any CPU.ActiveCfg = Release|Any CPU
		{11ACB4CA-A305-4CAA-8546-392C6DAFC7C4}.MvcOnly|Any CPU.Build.0 = Release|Any CPU
		{11ACB4CA-A305-4CAA-8546-392C6DAFC7C4}.Release|Any CPU.ActiveCfg = Release|Any CPU
		{11ACB4CA-A305-4CAA-8546-392C6DAFC7C4}.Release|Any CPU.Build.0 = Release|Any CPU
		{DED03705-E8C4-46D2-B634-55062850BE83}.Debug|Any CPU.ActiveCfg = Debug|Any CPU
		{DED03705-E8C4-46D2-B634-55062850BE83}.Debug|Any CPU.Build.0 = Debug|Any CPU
		{DED03705-E8C4-46D2-B634-55062850BE83}.MvcOnly|Any CPU.ActiveCfg = Release|Any CPU
		{DED03705-E8C4-46D2-B634-55062850BE83}.MvcOnly|Any CPU.Build.0 = Release|Any CPU
		{DED03705-E8C4-46D2-B634-55062850BE83}.Release|Any CPU.ActiveCfg = Release|Any CPU
		{DED03705-E8C4-46D2-B634-55062850BE83}.Release|Any CPU.Build.0 = Release|Any CPU
		{7080343D-FBE7-423A-9405-4F883F6E235B}.Debug|Any CPU.ActiveCfg = Debug|Any CPU
		{7080343D-FBE7-423A-9405-4F883F6E235B}.Debug|Any CPU.Build.0 = Debug|Any CPU
		{7080343D-FBE7-423A-9405-4F883F6E235B}.MvcOnly|Any CPU.ActiveCfg = Release|Any CPU
		{7080343D-FBE7-423A-9405-4F883F6E235B}.MvcOnly|Any CPU.Build.0 = Release|Any CPU
		{7080343D-FBE7-423A-9405-4F883F6E235B}.Release|Any CPU.ActiveCfg = Release|Any CPU
		{7080343D-FBE7-423A-9405-4F883F6E235B}.Release|Any CPU.Build.0 = Release|Any CPU
		{7EA1E14F-FC71-48A7-9786-1FB0CD9EC1CD}.Debug|Any CPU.ActiveCfg = Debug|Any CPU
		{7EA1E14F-FC71-48A7-9786-1FB0CD9EC1CD}.Debug|Any CPU.Build.0 = Debug|Any CPU
		{7EA1E14F-FC71-48A7-9786-1FB0CD9EC1CD}.MvcOnly|Any CPU.ActiveCfg = Release|Any CPU
		{7EA1E14F-FC71-48A7-9786-1FB0CD9EC1CD}.MvcOnly|Any CPU.Build.0 = Release|Any CPU
		{7EA1E14F-FC71-48A7-9786-1FB0CD9EC1CD}.Release|Any CPU.ActiveCfg = Release|Any CPU
		{7EA1E14F-FC71-48A7-9786-1FB0CD9EC1CD}.Release|Any CPU.Build.0 = Release|Any CPU
		{1AE21BB5-267C-443E-852E-1753AC1BD04D}.Debug|Any CPU.ActiveCfg = Debug|Any CPU
		{1AE21BB5-267C-443E-852E-1753AC1BD04D}.Debug|Any CPU.Build.0 = Debug|Any CPU
		{1AE21BB5-267C-443E-852E-1753AC1BD04D}.MvcOnly|Any CPU.ActiveCfg = Release|Any CPU
		{1AE21BB5-267C-443E-852E-1753AC1BD04D}.MvcOnly|Any CPU.Build.0 = Release|Any CPU
		{1AE21BB5-267C-443E-852E-1753AC1BD04D}.Release|Any CPU.ActiveCfg = Release|Any CPU
		{1AE21BB5-267C-443E-852E-1753AC1BD04D}.Release|Any CPU.Build.0 = Release|Any CPU
		{2EBFAA3E-AF1D-4A30-B16A-4E8AE053E063}.Debug|Any CPU.ActiveCfg = Debug|Any CPU
		{2EBFAA3E-AF1D-4A30-B16A-4E8AE053E063}.Debug|Any CPU.Build.0 = Debug|Any CPU
		{2EBFAA3E-AF1D-4A30-B16A-4E8AE053E063}.MvcOnly|Any CPU.ActiveCfg = Release|Any CPU
		{2EBFAA3E-AF1D-4A30-B16A-4E8AE053E063}.MvcOnly|Any CPU.Build.0 = Release|Any CPU
		{2EBFAA3E-AF1D-4A30-B16A-4E8AE053E063}.Release|Any CPU.ActiveCfg = Release|Any CPU
		{2EBFAA3E-AF1D-4A30-B16A-4E8AE053E063}.Release|Any CPU.Build.0 = Release|Any CPU
		{F72B7F19-9A9B-41F1-AEA9-ADE70D3D8D19}.Debug|Any CPU.ActiveCfg = Debug|Any CPU
		{F72B7F19-9A9B-41F1-AEA9-ADE70D3D8D19}.Debug|Any CPU.Build.0 = Debug|Any CPU
		{F72B7F19-9A9B-41F1-AEA9-ADE70D3D8D19}.MvcOnly|Any CPU.ActiveCfg = Release|Any CPU
		{F72B7F19-9A9B-41F1-AEA9-ADE70D3D8D19}.MvcOnly|Any CPU.Build.0 = Release|Any CPU
		{F72B7F19-9A9B-41F1-AEA9-ADE70D3D8D19}.Release|Any CPU.ActiveCfg = Release|Any CPU
		{F72B7F19-9A9B-41F1-AEA9-ADE70D3D8D19}.Release|Any CPU.Build.0 = Release|Any CPU
		{0C0B3474-9991-4ADC-BF4B-7A4F35EB5A7C}.Debug|Any CPU.ActiveCfg = Debug|Any CPU
		{0C0B3474-9991-4ADC-BF4B-7A4F35EB5A7C}.Debug|Any CPU.Build.0 = Debug|Any CPU
		{0C0B3474-9991-4ADC-BF4B-7A4F35EB5A7C}.MvcOnly|Any CPU.ActiveCfg = Release|Any CPU
		{0C0B3474-9991-4ADC-BF4B-7A4F35EB5A7C}.MvcOnly|Any CPU.Build.0 = Release|Any CPU
		{0C0B3474-9991-4ADC-BF4B-7A4F35EB5A7C}.Release|Any CPU.ActiveCfg = Release|Any CPU
		{0C0B3474-9991-4ADC-BF4B-7A4F35EB5A7C}.Release|Any CPU.Build.0 = Release|Any CPU
		{2559E5C4-4803-4A11-B9EC-33ECAD06C935}.Debug|Any CPU.ActiveCfg = Debug|Any CPU
		{2559E5C4-4803-4A11-B9EC-33ECAD06C935}.Debug|Any CPU.Build.0 = Debug|Any CPU
		{2559E5C4-4803-4A11-B9EC-33ECAD06C935}.MvcOnly|Any CPU.ActiveCfg = Release|Any CPU
		{2559E5C4-4803-4A11-B9EC-33ECAD06C935}.MvcOnly|Any CPU.Build.0 = Release|Any CPU
		{2559E5C4-4803-4A11-B9EC-33ECAD06C935}.Release|Any CPU.ActiveCfg = Release|Any CPU
		{2559E5C4-4803-4A11-B9EC-33ECAD06C935}.Release|Any CPU.Build.0 = Release|Any CPU
		{1EF9C7D8-F92E-48B3-9A86-78E431ABC306}.Debug|Any CPU.ActiveCfg = Debug|Any CPU
		{1EF9C7D8-F92E-48B3-9A86-78E431ABC306}.Debug|Any CPU.Build.0 = Debug|Any CPU
		{1EF9C7D8-F92E-48B3-9A86-78E431ABC306}.MvcOnly|Any CPU.ActiveCfg = Release|Any CPU
		{1EF9C7D8-F92E-48B3-9A86-78E431ABC306}.MvcOnly|Any CPU.Build.0 = Release|Any CPU
		{1EF9C7D8-F92E-48B3-9A86-78E431ABC306}.Release|Any CPU.ActiveCfg = Release|Any CPU
		{1EF9C7D8-F92E-48B3-9A86-78E431ABC306}.Release|Any CPU.Build.0 = Release|Any CPU
		{104D045A-F9CC-4DD7-B04D-8DA7543435DD}.Debug|Any CPU.ActiveCfg = Debug|Any CPU
		{104D045A-F9CC-4DD7-B04D-8DA7543435DD}.Debug|Any CPU.Build.0 = Debug|Any CPU
		{104D045A-F9CC-4DD7-B04D-8DA7543435DD}.MvcOnly|Any CPU.ActiveCfg = Release|Any CPU
		{104D045A-F9CC-4DD7-B04D-8DA7543435DD}.MvcOnly|Any CPU.Build.0 = Release|Any CPU
		{104D045A-F9CC-4DD7-B04D-8DA7543435DD}.Release|Any CPU.ActiveCfg = Release|Any CPU
		{104D045A-F9CC-4DD7-B04D-8DA7543435DD}.Release|Any CPU.Build.0 = Release|Any CPU
		{32ADBD01-6262-48D7-A69B-0515B03DB90E}.Debug|Any CPU.ActiveCfg = Debug|Any CPU
		{32ADBD01-6262-48D7-A69B-0515B03DB90E}.Debug|Any CPU.Build.0 = Debug|Any CPU
		{32ADBD01-6262-48D7-A69B-0515B03DB90E}.MvcOnly|Any CPU.ActiveCfg = Release|Any CPU
		{32ADBD01-6262-48D7-A69B-0515B03DB90E}.MvcOnly|Any CPU.Build.0 = Release|Any CPU
		{32ADBD01-6262-48D7-A69B-0515B03DB90E}.Release|Any CPU.ActiveCfg = Release|Any CPU
		{32ADBD01-6262-48D7-A69B-0515B03DB90E}.Release|Any CPU.Build.0 = Release|Any CPU
		{F112A4A5-556F-4680-A7D5-8726803FD507}.Debug|Any CPU.ActiveCfg = Debug|Any CPU
		{F112A4A5-556F-4680-A7D5-8726803FD507}.Debug|Any CPU.Build.0 = Debug|Any CPU
		{F112A4A5-556F-4680-A7D5-8726803FD507}.MvcOnly|Any CPU.ActiveCfg = Release|Any CPU
		{F112A4A5-556F-4680-A7D5-8726803FD507}.MvcOnly|Any CPU.Build.0 = Release|Any CPU
		{F112A4A5-556F-4680-A7D5-8726803FD507}.Release|Any CPU.ActiveCfg = Release|Any CPU
		{F112A4A5-556F-4680-A7D5-8726803FD507}.Release|Any CPU.Build.0 = Release|Any CPU
		{991F00F2-71CB-4694-BB6A-4696071BD94D}.Debug|Any CPU.ActiveCfg = Debug|Any CPU
		{991F00F2-71CB-4694-BB6A-4696071BD94D}.Debug|Any CPU.Build.0 = Debug|Any CPU
		{991F00F2-71CB-4694-BB6A-4696071BD94D}.MvcOnly|Any CPU.ActiveCfg = Release|Any CPU
		{991F00F2-71CB-4694-BB6A-4696071BD94D}.MvcOnly|Any CPU.Build.0 = Release|Any CPU
		{991F00F2-71CB-4694-BB6A-4696071BD94D}.Release|Any CPU.ActiveCfg = Release|Any CPU
		{991F00F2-71CB-4694-BB6A-4696071BD94D}.Release|Any CPU.Build.0 = Release|Any CPU
		{2D26FA73-F6A7-4154-B620-3E9D0433E3A6}.Debug|Any CPU.ActiveCfg = Debug|Any CPU
		{2D26FA73-F6A7-4154-B620-3E9D0433E3A6}.Debug|Any CPU.Build.0 = Debug|Any CPU
		{2D26FA73-F6A7-4154-B620-3E9D0433E3A6}.MvcOnly|Any CPU.ActiveCfg = Release|Any CPU
		{2D26FA73-F6A7-4154-B620-3E9D0433E3A6}.MvcOnly|Any CPU.Build.0 = Release|Any CPU
		{2D26FA73-F6A7-4154-B620-3E9D0433E3A6}.Release|Any CPU.ActiveCfg = Release|Any CPU
		{2D26FA73-F6A7-4154-B620-3E9D0433E3A6}.Release|Any CPU.Build.0 = Release|Any CPU
		{64368BDC-06CB-43D3-8537-3BA8705BCD25}.Debug|Any CPU.ActiveCfg = Debug|Any CPU
		{64368BDC-06CB-43D3-8537-3BA8705BCD25}.Debug|Any CPU.Build.0 = Debug|Any CPU
		{64368BDC-06CB-43D3-8537-3BA8705BCD25}.MvcOnly|Any CPU.ActiveCfg = MvcOnly|Any CPU
		{64368BDC-06CB-43D3-8537-3BA8705BCD25}.MvcOnly|Any CPU.Build.0 = MvcOnly|Any CPU
		{64368BDC-06CB-43D3-8537-3BA8705BCD25}.Release|Any CPU.ActiveCfg = Release|Any CPU
		{64368BDC-06CB-43D3-8537-3BA8705BCD25}.Release|Any CPU.Build.0 = Release|Any CPU
		{5F7DC7BD-D831-449A-908D-5A419E4DFE71}.Debug|Any CPU.ActiveCfg = Debug|Any CPU
		{5F7DC7BD-D831-449A-908D-5A419E4DFE71}.Debug|Any CPU.Build.0 = Debug|Any CPU
		{5F7DC7BD-D831-449A-908D-5A419E4DFE71}.MvcOnly|Any CPU.ActiveCfg = Release|Any CPU
		{5F7DC7BD-D831-449A-908D-5A419E4DFE71}.MvcOnly|Any CPU.Build.0 = Release|Any CPU
		{5F7DC7BD-D831-449A-908D-5A419E4DFE71}.Release|Any CPU.ActiveCfg = Release|Any CPU
		{5F7DC7BD-D831-449A-908D-5A419E4DFE71}.Release|Any CPU.Build.0 = Release|Any CPU
		{CAC3DDF1-BFBE-4309-80BA-726E504381C2}.Debug|Any CPU.ActiveCfg = Debug|Any CPU
		{CAC3DDF1-BFBE-4309-80BA-726E504381C2}.Debug|Any CPU.Build.0 = Debug|Any CPU
		{CAC3DDF1-BFBE-4309-80BA-726E504381C2}.MvcOnly|Any CPU.ActiveCfg = Release|Any CPU
		{CAC3DDF1-BFBE-4309-80BA-726E504381C2}.MvcOnly|Any CPU.Build.0 = Release|Any CPU
		{CAC3DDF1-BFBE-4309-80BA-726E504381C2}.Release|Any CPU.ActiveCfg = Release|Any CPU
		{CAC3DDF1-BFBE-4309-80BA-726E504381C2}.Release|Any CPU.Build.0 = Release|Any CPU
		{D88D20AA-55B4-480B-A320-29A69FB6B150}.Debug|Any CPU.ActiveCfg = Debug|Any CPU
		{D88D20AA-55B4-480B-A320-29A69FB6B150}.Debug|Any CPU.Build.0 = Debug|Any CPU
		{D88D20AA-55B4-480B-A320-29A69FB6B150}.MvcOnly|Any CPU.ActiveCfg = Release|Any CPU
		{D88D20AA-55B4-480B-A320-29A69FB6B150}.MvcOnly|Any CPU.Build.0 = Release|Any CPU
		{D88D20AA-55B4-480B-A320-29A69FB6B150}.Release|Any CPU.ActiveCfg = Release|Any CPU
		{D88D20AA-55B4-480B-A320-29A69FB6B150}.Release|Any CPU.Build.0 = Release|Any CPU
		{3D4B5ED7-49B9-45F5-9DAF-19D30520C877}.Debug|Any CPU.ActiveCfg = Debug|Any CPU
		{3D4B5ED7-49B9-45F5-9DAF-19D30520C877}.Debug|Any CPU.Build.0 = Debug|Any CPU
		{3D4B5ED7-49B9-45F5-9DAF-19D30520C877}.MvcOnly|Any CPU.ActiveCfg = Release|Any CPU
		{3D4B5ED7-49B9-45F5-9DAF-19D30520C877}.MvcOnly|Any CPU.Build.0 = Release|Any CPU
		{3D4B5ED7-49B9-45F5-9DAF-19D30520C877}.Release|Any CPU.ActiveCfg = Release|Any CPU
		{3D4B5ED7-49B9-45F5-9DAF-19D30520C877}.Release|Any CPU.Build.0 = Release|Any CPU
		{98286B12-AC86-4A1C-A539-AAF1A7A5C24D}.Debug|Any CPU.ActiveCfg = Debug|Any CPU
		{98286B12-AC86-4A1C-A539-AAF1A7A5C24D}.Debug|Any CPU.Build.0 = Debug|Any CPU
		{98286B12-AC86-4A1C-A539-AAF1A7A5C24D}.MvcOnly|Any CPU.ActiveCfg = Release|Any CPU
		{98286B12-AC86-4A1C-A539-AAF1A7A5C24D}.MvcOnly|Any CPU.Build.0 = Release|Any CPU
		{98286B12-AC86-4A1C-A539-AAF1A7A5C24D}.Release|Any CPU.ActiveCfg = Release|Any CPU
		{98286B12-AC86-4A1C-A539-AAF1A7A5C24D}.Release|Any CPU.Build.0 = Release|Any CPU
		{5EEC68A0-657C-45F3-8079-EBDB5CB9597A}.Debug|Any CPU.ActiveCfg = Debug|Any CPU
		{5EEC68A0-657C-45F3-8079-EBDB5CB9597A}.Debug|Any CPU.Build.0 = Debug|Any CPU
		{5EEC68A0-657C-45F3-8079-EBDB5CB9597A}.MvcOnly|Any CPU.ActiveCfg = Release|Any CPU
		{5EEC68A0-657C-45F3-8079-EBDB5CB9597A}.MvcOnly|Any CPU.Build.0 = Release|Any CPU
		{5EEC68A0-657C-45F3-8079-EBDB5CB9597A}.Release|Any CPU.ActiveCfg = Release|Any CPU
		{5EEC68A0-657C-45F3-8079-EBDB5CB9597A}.Release|Any CPU.Build.0 = Release|Any CPU
		{9F815B60-7918-440E-83A2-22CB200AD6F5}.Debug|Any CPU.ActiveCfg = Debug|Any CPU
		{9F815B60-7918-440E-83A2-22CB200AD6F5}.Debug|Any CPU.Build.0 = Debug|Any CPU
		{9F815B60-7918-440E-83A2-22CB200AD6F5}.MvcOnly|Any CPU.ActiveCfg = Release|Any CPU
		{9F815B60-7918-440E-83A2-22CB200AD6F5}.MvcOnly|Any CPU.Build.0 = Release|Any CPU
		{9F815B60-7918-440E-83A2-22CB200AD6F5}.Release|Any CPU.ActiveCfg = Release|Any CPU
		{9F815B60-7918-440E-83A2-22CB200AD6F5}.Release|Any CPU.Build.0 = Release|Any CPU
		{F44E3466-0489-4EB2-9E28-B526D61A9F5D}.Debug|Any CPU.ActiveCfg = Debug|Any CPU
		{F44E3466-0489-4EB2-9E28-B526D61A9F5D}.Debug|Any CPU.Build.0 = Debug|Any CPU
		{F44E3466-0489-4EB2-9E28-B526D61A9F5D}.MvcOnly|Any CPU.ActiveCfg = Release|Any CPU
		{F44E3466-0489-4EB2-9E28-B526D61A9F5D}.MvcOnly|Any CPU.Build.0 = Release|Any CPU
		{F44E3466-0489-4EB2-9E28-B526D61A9F5D}.Release|Any CPU.ActiveCfg = Release|Any CPU
		{F44E3466-0489-4EB2-9E28-B526D61A9F5D}.Release|Any CPU.Build.0 = Release|Any CPU
		{323DCA76-71A6-4543-A037-94F3FE6C7B3D}.Debug|Any CPU.ActiveCfg = Debug|Any CPU
		{323DCA76-71A6-4543-A037-94F3FE6C7B3D}.Debug|Any CPU.Build.0 = Debug|Any CPU
		{323DCA76-71A6-4543-A037-94F3FE6C7B3D}.MvcOnly|Any CPU.ActiveCfg = Release|Any CPU
		{323DCA76-71A6-4543-A037-94F3FE6C7B3D}.MvcOnly|Any CPU.Build.0 = Release|Any CPU
		{323DCA76-71A6-4543-A037-94F3FE6C7B3D}.Release|Any CPU.ActiveCfg = Release|Any CPU
		{323DCA76-71A6-4543-A037-94F3FE6C7B3D}.Release|Any CPU.Build.0 = Release|Any CPU
		{07AD1522-D100-4CE6-94FA-95CBE5822363}.Debug|Any CPU.ActiveCfg = Debug|Any CPU
		{07AD1522-D100-4CE6-94FA-95CBE5822363}.Debug|Any CPU.Build.0 = Debug|Any CPU
		{07AD1522-D100-4CE6-94FA-95CBE5822363}.MvcOnly|Any CPU.ActiveCfg = Release|Any CPU
		{07AD1522-D100-4CE6-94FA-95CBE5822363}.MvcOnly|Any CPU.Build.0 = Release|Any CPU
		{07AD1522-D100-4CE6-94FA-95CBE5822363}.Release|Any CPU.ActiveCfg = Release|Any CPU
		{07AD1522-D100-4CE6-94FA-95CBE5822363}.Release|Any CPU.Build.0 = Release|Any CPU
		{7BCED72B-1DDE-4732-8EB3-2CF7002D7305}.Debug|Any CPU.ActiveCfg = Debug|Any CPU
		{7BCED72B-1DDE-4732-8EB3-2CF7002D7305}.Debug|Any CPU.Build.0 = Debug|Any CPU
		{7BCED72B-1DDE-4732-8EB3-2CF7002D7305}.MvcOnly|Any CPU.ActiveCfg = Release|Any CPU
		{7BCED72B-1DDE-4732-8EB3-2CF7002D7305}.MvcOnly|Any CPU.Build.0 = Release|Any CPU
		{7BCED72B-1DDE-4732-8EB3-2CF7002D7305}.Release|Any CPU.ActiveCfg = Release|Any CPU
		{7BCED72B-1DDE-4732-8EB3-2CF7002D7305}.Release|Any CPU.Build.0 = Release|Any CPU
		{69393DCE-0B48-40F6-908F-B30BDBDD9A79}.Debug|Any CPU.ActiveCfg = Debug|Any CPU
		{69393DCE-0B48-40F6-908F-B30BDBDD9A79}.Debug|Any CPU.Build.0 = Debug|Any CPU
		{69393DCE-0B48-40F6-908F-B30BDBDD9A79}.MvcOnly|Any CPU.ActiveCfg = Release|Any CPU
		{69393DCE-0B48-40F6-908F-B30BDBDD9A79}.MvcOnly|Any CPU.Build.0 = Release|Any CPU
		{69393DCE-0B48-40F6-908F-B30BDBDD9A79}.Release|Any CPU.ActiveCfg = Release|Any CPU
		{69393DCE-0B48-40F6-908F-B30BDBDD9A79}.Release|Any CPU.Build.0 = Release|Any CPU
		{2DADEAD3-0FE9-4199-9817-41A32E6BF450}.Debug|Any CPU.ActiveCfg = Debug|Any CPU
		{2DADEAD3-0FE9-4199-9817-41A32E6BF450}.Debug|Any CPU.Build.0 = Debug|Any CPU
		{2DADEAD3-0FE9-4199-9817-41A32E6BF450}.MvcOnly|Any CPU.ActiveCfg = Release|Any CPU
		{2DADEAD3-0FE9-4199-9817-41A32E6BF450}.MvcOnly|Any CPU.Build.0 = Release|Any CPU
		{2DADEAD3-0FE9-4199-9817-41A32E6BF450}.Release|Any CPU.ActiveCfg = Release|Any CPU
		{2DADEAD3-0FE9-4199-9817-41A32E6BF450}.Release|Any CPU.Build.0 = Release|Any CPU
		{8D1B4425-4CC1-46BE-90FA-8F1C49A24D24}.Debug|Any CPU.ActiveCfg = Debug|Any CPU
		{8D1B4425-4CC1-46BE-90FA-8F1C49A24D24}.Debug|Any CPU.Build.0 = Debug|Any CPU
		{8D1B4425-4CC1-46BE-90FA-8F1C49A24D24}.MvcOnly|Any CPU.ActiveCfg = Release|Any CPU
		{8D1B4425-4CC1-46BE-90FA-8F1C49A24D24}.MvcOnly|Any CPU.Build.0 = Release|Any CPU
		{8D1B4425-4CC1-46BE-90FA-8F1C49A24D24}.Release|Any CPU.ActiveCfg = Release|Any CPU
		{8D1B4425-4CC1-46BE-90FA-8F1C49A24D24}.Release|Any CPU.Build.0 = Release|Any CPU
		{A3BC6CB9-842F-4D00-97F3-F5B458B18726}.Debug|Any CPU.ActiveCfg = Debug|Any CPU
		{A3BC6CB9-842F-4D00-97F3-F5B458B18726}.Debug|Any CPU.Build.0 = Debug|Any CPU
		{A3BC6CB9-842F-4D00-97F3-F5B458B18726}.MvcOnly|Any CPU.ActiveCfg = Release|Any CPU
		{A3BC6CB9-842F-4D00-97F3-F5B458B18726}.MvcOnly|Any CPU.Build.0 = Release|Any CPU
		{A3BC6CB9-842F-4D00-97F3-F5B458B18726}.Release|Any CPU.ActiveCfg = Release|Any CPU
		{A3BC6CB9-842F-4D00-97F3-F5B458B18726}.Release|Any CPU.Build.0 = Release|Any CPU
		{2570461D-81AB-4D75-9C7B-E8B0A8826386}.Debug|Any CPU.ActiveCfg = Debug|Any CPU
		{2570461D-81AB-4D75-9C7B-E8B0A8826386}.Debug|Any CPU.Build.0 = Debug|Any CPU
		{2570461D-81AB-4D75-9C7B-E8B0A8826386}.MvcOnly|Any CPU.ActiveCfg = Release|Any CPU
		{2570461D-81AB-4D75-9C7B-E8B0A8826386}.MvcOnly|Any CPU.Build.0 = Release|Any CPU
		{2570461D-81AB-4D75-9C7B-E8B0A8826386}.Release|Any CPU.ActiveCfg = Release|Any CPU
		{2570461D-81AB-4D75-9C7B-E8B0A8826386}.Release|Any CPU.Build.0 = Release|Any CPU
		{F2213ED8-54DC-4360-BD7C-633B9DA1A124}.Debug|Any CPU.ActiveCfg = Debug|Any CPU
		{F2213ED8-54DC-4360-BD7C-633B9DA1A124}.Debug|Any CPU.Build.0 = Debug|Any CPU
		{F2213ED8-54DC-4360-BD7C-633B9DA1A124}.MvcOnly|Any CPU.ActiveCfg = Release|Any CPU
		{F2213ED8-54DC-4360-BD7C-633B9DA1A124}.MvcOnly|Any CPU.Build.0 = Release|Any CPU
		{F2213ED8-54DC-4360-BD7C-633B9DA1A124}.Release|Any CPU.ActiveCfg = Release|Any CPU
		{F2213ED8-54DC-4360-BD7C-633B9DA1A124}.Release|Any CPU.Build.0 = Release|Any CPU
		{D7EAC337-B897-44EA-870A-E8B33E780351}.Debug|Any CPU.ActiveCfg = Debug|Any CPU
		{D7EAC337-B897-44EA-870A-E8B33E780351}.Debug|Any CPU.Build.0 = Debug|Any CPU
		{D7EAC337-B897-44EA-870A-E8B33E780351}.MvcOnly|Any CPU.ActiveCfg = Release|Any CPU
		{D7EAC337-B897-44EA-870A-E8B33E780351}.MvcOnly|Any CPU.Build.0 = Release|Any CPU
		{D7EAC337-B897-44EA-870A-E8B33E780351}.Release|Any CPU.ActiveCfg = Release|Any CPU
		{D7EAC337-B897-44EA-870A-E8B33E780351}.Release|Any CPU.Build.0 = Release|Any CPU
		{448851D4-E525-4ACC-9AE4-7AEC289445BC}.Debug|Any CPU.ActiveCfg = Debug|Any CPU
		{448851D4-E525-4ACC-9AE4-7AEC289445BC}.Debug|Any CPU.Build.0 = Debug|Any CPU
		{448851D4-E525-4ACC-9AE4-7AEC289445BC}.MvcOnly|Any CPU.ActiveCfg = Debug|Any CPU
		{448851D4-E525-4ACC-9AE4-7AEC289445BC}.MvcOnly|Any CPU.Build.0 = Debug|Any CPU
		{448851D4-E525-4ACC-9AE4-7AEC289445BC}.Release|Any CPU.ActiveCfg = Release|Any CPU
		{448851D4-E525-4ACC-9AE4-7AEC289445BC}.Release|Any CPU.Build.0 = Release|Any CPU
		{B1834872-9BA4-4DF5-9670-45E54D1B80EA}.Debug|Any CPU.ActiveCfg = Debug|Any CPU
		{B1834872-9BA4-4DF5-9670-45E54D1B80EA}.Debug|Any CPU.Build.0 = Debug|Any CPU
		{B1834872-9BA4-4DF5-9670-45E54D1B80EA}.MvcOnly|Any CPU.ActiveCfg = Debug|Any CPU
		{B1834872-9BA4-4DF5-9670-45E54D1B80EA}.MvcOnly|Any CPU.Build.0 = Debug|Any CPU
		{B1834872-9BA4-4DF5-9670-45E54D1B80EA}.Release|Any CPU.ActiveCfg = Release|Any CPU
		{B1834872-9BA4-4DF5-9670-45E54D1B80EA}.Release|Any CPU.Build.0 = Release|Any CPU
		{531C54F5-D6F3-4047-8C35-685C6CD94EC7}.Debug|Any CPU.ActiveCfg = Debug|Any CPU
		{531C54F5-D6F3-4047-8C35-685C6CD94EC7}.Debug|Any CPU.Build.0 = Debug|Any CPU
		{531C54F5-D6F3-4047-8C35-685C6CD94EC7}.MvcOnly|Any CPU.ActiveCfg = Debug|Any CPU
		{531C54F5-D6F3-4047-8C35-685C6CD94EC7}.MvcOnly|Any CPU.Build.0 = Debug|Any CPU
		{531C54F5-D6F3-4047-8C35-685C6CD94EC7}.Release|Any CPU.ActiveCfg = Release|Any CPU
		{531C54F5-D6F3-4047-8C35-685C6CD94EC7}.Release|Any CPU.Build.0 = Release|Any CPU
	EndGlobalSection
	GlobalSection(SolutionProperties) = preSolution
		HideSolutionNode = FALSE
	EndGlobalSection
	GlobalSection(ExtensibilityGlobals) = postSolution
		SolutionGuid = {624A3957-D8EC-4D2E-A9AF-294DE52AF3A0}
	EndGlobalSection
EndGlobal
